
Microsoft Visual Studio Solution File, Format Version 11.00
# Visual Studio 2010
Project("{FAE04EC0-301F-11D3-BF4B-00C04F79EFBC}") = "RFID_Sample", "RFID_Sample.csproj", "{82A36D2A-F9C5-408E-80D1-2E6D4E5829FC}"
EndProject
Project("{FAE04EC0-301F-11D3-BF4B-00C04F79EFBC}") = "RFID_static_lib", "RFID_static_lib\RFID_static_lib.csproj", "{42B2FC32-DC2D-4D68-A18D-151755A59F14}"
EndProject
Global
	GlobalSection(SolutionConfigurationPlatforms) = preSolution
		Debug|Any CPU = Debug|Any CPU
		Debug|Mixed Platforms = Debug|Mixed Platforms
		Debug|x86 = Debug|x86
		Release|Any CPU = Release|Any CPU
		Release|Mixed Platforms = Release|Mixed Platforms
		Release|x86 = Release|x86
	EndGlobalSection
	GlobalSection(ProjectConfigurationPlatforms) = postSolution
		{82A36D2A-F9C5-408E-80D1-2E6D4E5829FC}.Debug|Any CPU.ActiveCfg = Debug|x86
		{82A36D2A-F9C5-408E-80D1-2E6D4E5829FC}.Debug|Any CPU.Build.0 = Debug|x86
		{82A36D2A-F9C5-408E-80D1-2E6D4E5829FC}.Debug|Mixed Platforms.ActiveCfg = Debug|x86
		{82A36D2A-F9C5-408E-80D1-2E6D4E5829FC}.Debug|Mixed Platforms.Build.0 = Debug|x86
		{82A36D2A-F9C5-408E-80D1-2E6D4E5829FC}.Debug|x86.ActiveCfg = Debug|x86
		{82A36D2A-F9C5-408E-80D1-2E6D4E5829FC}.Debug|x86.Build.0 = Debug|x86
		{82A36D2A-F9C5-408E-80D1-2E6D4E5829FC}.Debug|x86.Deploy.0 = Debug|x86
		{82A36D2A-F9C5-408E-80D1-2E6D4E5829FC}.Release|Any CPU.ActiveCfg = Release|x86
		{82A36D2A-F9C5-408E-80D1-2E6D4E5829FC}.Release|Mixed Platforms.ActiveCfg = Release|x86
		{82A36D2A-F9C5-408E-80D1-2E6D4E5829FC}.Release|Mixed Platforms.Build.0 = Release|x86
		{82A36D2A-F9C5-408E-80D1-2E6D4E5829FC}.Release|x86.ActiveCfg = Release|x86
		{82A36D2A-F9C5-408E-80D1-2E6D4E5829FC}.Release|x86.Build.0 = Release|x86
		{42B2FC32-DC2D-4D68-A18D-151755A59F14}.Debug|Any CPU.ActiveCfg = Debug|Any CPU
		{42B2FC32-DC2D-4D68-A18D-151755A59F14}.Debug|Any CPU.Build.0 = Debug|Any CPU
		{42B2FC32-DC2D-4D68-A18D-151755A59F14}.Debug|Mixed Platforms.ActiveCfg = Debug|Any CPU
		{42B2FC32-DC2D-4D68-A18D-151755A59F14}.Debug|Mixed Platforms.Build.0 = Debug|Any CPU
		{42B2FC32-DC2D-4D68-A18D-151755A59F14}.Debug|x86.ActiveCfg = Debug|Any CPU
		{42B2FC32-DC2D-4D68-A18D-151755A59F14}.Debug|x86.Build.0 = Debug|Any CPU
		{42B2FC32-DC2D-4D68-A18D-151755A59F14}.Release|Any CPU.ActiveCfg = Release|Any CPU
		{42B2FC32-DC2D-4D68-A18D-151755A59F14}.Release|Any CPU.Build.0 = Release|Any CPU
		{42B2FC32-DC2D-4D68-A18D-151755A59F14}.Release|Mixed Platforms.ActiveCfg = Release|Any CPU
		{42B2FC32-DC2D-4D68-A18D-151755A59F14}.Release|Mixed Platforms.Build.0 = Release|Any CPU
		{42B2FC32-DC2D-4D68-A18D-151755A59F14}.Release|x86.ActiveCfg = Release|Any CPU
	EndGlobalSection
	GlobalSection(SolutionProperties) = preSolution
		HideSolutionNode = FALSE
	EndGlobalSection
EndGlobal
